// !$*UTF8*$!
{
	archiveVersion = 1;
	classes = {
	};
	objectVersion = 56;
	objects = {

/* Begin PBXBuildFile section */
		/* App */
		A1000001 /* ShipshapeApp.swift in Sources */ = {isa = PBXBuildFile; fileRef = B1000001 /* ShipshapeApp.swift */; };

		/* Models */
		A1000011 /* Service.swift in Sources */ = {isa = PBXBuildFile; fileRef = B1000011 /* Service.swift */; };
		A1000012 /* Account.swift in Sources */ = {isa = PBXBuildFile; fileRef = B1000012 /* Account.swift */; };
		A1000013 /* Project.swift in Sources */ = {isa = PBXBuildFile; fileRef = B1000013 /* Project.swift */; };
		A1000014 /* Deployment.swift in Sources */ = {isa = PBXBuildFile; fileRef = B1000014 /* Deployment.swift */; };

		/* Services */
		A1000021 /* VercelService.swift in Sources */ = {isa = PBXBuildFile; fileRef = B1000021 /* VercelService.swift */; };
		A1000022 /* NetlifyService.swift in Sources */ = {isa = PBXBuildFile; fileRef = B1000022 /* NetlifyService.swift */; };
		A1000023 /* APIError.swift in Sources */ = {isa = PBXBuildFile; fileRef = B1000023 /* APIError.swift */; };
		A1000024 /* PollingManager.swift in Sources */ = {isa = PBXBuildFile; fileRef = B1000024 /* PollingManager.swift */; };
		A1000025 /* NotificationManager.swift in Sources */ = {isa = PBXBuildFile; fileRef = B1000025 /* NotificationManager.swift */; };
		A1000026 /* KeychainHelper.swift in Sources */ = {isa = PBXBuildFile; fileRef = B1000026 /* KeychainHelper.swift */; };

		/* Store */
		A1000031 /* DeploymentStore.swift in Sources */ = {isa = PBXBuildFile; fileRef = B1000031 /* DeploymentStore.swift */; };

		/* Views - Menu */
		A1000041 /* MenuContentView.swift in Sources */ = {isa = PBXBuildFile; fileRef = B1000041 /* MenuContentView.swift */; };
		A1000042 /* ServiceSectionView.swift in Sources */ = {isa = PBXBuildFile; fileRef = B1000042 /* ServiceSectionView.swift */; };
		A1000043 /* ProjectRowView.swift in Sources */ = {isa = PBXBuildFile; fileRef = B1000043 /* ProjectRowView.swift */; };
		A1000044 /* DeploymentRowView.swift in Sources */ = {isa = PBXBuildFile; fileRef = B1000044 /* DeploymentRowView.swift */; };
		A1000045 /* ActiveSectionView.swift in Sources */ = {isa = PBXBuildFile; fileRef = B1000045 /* ActiveSectionView.swift */; };

		/* Views - Settings */
		A1000051 /* SettingsView.swift in Sources */ = {isa = PBXBuildFile; fileRef = B1000051 /* SettingsView.swift */; };
		A1000052 /* AccountsSettingsView.swift in Sources */ = {isa = PBXBuildFile; fileRef = B1000052 /* AccountsSettingsView.swift */; };
		A1000053 /* NotificationsSettingsView.swift in Sources */ = {isa = PBXBuildFile; fileRef = B1000053 /* NotificationsSettingsView.swift */; };
		A1000054 /* GeneralSettingsView.swift in Sources */ = {isa = PBXBuildFile; fileRef = B1000054 /* GeneralSettingsView.swift */; };

		/* Views - Components */
		A1000061 /* StatusIndicator.swift in Sources */ = {isa = PBXBuildFile; fileRef = B1000061 /* StatusIndicator.swift */; };
		A1000062 /* TokenInputField.swift in Sources */ = {isa = PBXBuildFile; fileRef = B1000062 /* TokenInputField.swift */; };

		/* Utilities */
		A1000071 /* Constants.swift in Sources */ = {isa = PBXBuildFile; fileRef = B1000071 /* Constants.swift */; };
		A1000072 /* DateFormatters.swift in Sources */ = {isa = PBXBuildFile; fileRef = B1000072 /* DateFormatters.swift */; };

		/* Resources */
		A1000081 /* Assets.xcassets in Resources */ = {isa = PBXBuildFile; fileRef = B1000081 /* Assets.xcassets */; };
/* End PBXBuildFile section */

/* Begin PBXFileReference section */
		/* Product */
		C1000001 /* DeployStatus.app */ = {isa = PBXFileReference; explicitFileType = wrapper.application; includeInIndex = 0; path = DeployStatus.app; sourceTree = BUILT_PRODUCTS_DIR; };

		/* App */
		B1000001 /* ShipshapeApp.swift */ = {isa = PBXFileReference; lastKnownFileType = sourcecode.swift; path = ShipshapeApp.swift; sourceTree = "<group>"; };

		/* Models */
		B1000011 /* Service.swift */ = {isa = PBXFileReference; lastKnownFileType = sourcecode.swift; path = Service.swift; sourceTree = "<group>"; };
		B1000012 /* Account.swift */ = {isa = PBXFileReference; lastKnownFileType = sourcecode.swift; path = Account.swift; sourceTree = "<group>"; };
		B1000013 /* Project.swift */ = {isa = PBXFileReference; lastKnownFileType = sourcecode.swift; path = Project.swift; sourceTree = "<group>"; };
		B1000014 /* Deployment.swift */ = {isa = PBXFileReference; lastKnownFileType = sourcecode.swift; path = Deployment.swift; sourceTree = "<group>"; };

		/* Services */
		B1000021 /* VercelService.swift */ = {isa = PBXFileReference; lastKnownFileType = sourcecode.swift; path = VercelService.swift; sourceTree = "<group>"; };
		B1000022 /* NetlifyService.swift */ = {isa = PBXFileReference; lastKnownFileType = sourcecode.swift; path = NetlifyService.swift; sourceTree = "<group>"; };
		B1000023 /* APIError.swift */ = {isa = PBXFileReference; lastKnownFileType = sourcecode.swift; path = APIError.swift; sourceTree = "<group>"; };
		B1000024 /* PollingManager.swift */ = {isa = PBXFileReference; lastKnownFileType = sourcecode.swift; path = PollingManager.swift; sourceTree = "<group>"; };
		B1000025 /* NotificationManager.swift */ = {isa = PBXFileReference; lastKnownFileType = sourcecode.swift; path = NotificationManager.swift; sourceTree = "<group>"; };
		B1000026 /* KeychainHelper.swift */ = {isa = PBXFileReference; lastKnownFileType = sourcecode.swift; path = KeychainHelper.swift; sourceTree = "<group>"; };

		/* Store */
		B1000031 /* DeploymentStore.swift */ = {isa = PBXFileReference; lastKnownFileType = sourcecode.swift; path = DeploymentStore.swift; sourceTree = "<group>"; };

		/* Views - Menu */
		B1000041 /* MenuContentView.swift */ = {isa = PBXFileReference; lastKnownFileType = sourcecode.swift; path = MenuContentView.swift; sourceTree = "<group>"; };
		B1000042 /* ServiceSectionView.swift */ = {isa = PBXFileReference; lastKnownFileType = sourcecode.swift; path = ServiceSectionView.swift; sourceTree = "<group>"; };
		B1000043 /* ProjectRowView.swift */ = {isa = PBXFileReference; lastKnownFileType = sourcecode.swift; path = ProjectRowView.swift; sourceTree = "<group>"; };
		B1000044 /* DeploymentRowView.swift */ = {isa = PBXFileReference; lastKnownFileType = sourcecode.swift; path = DeploymentRowView.swift; sourceTree = "<group>"; };
		B1000045 /* ActiveSectionView.swift */ = {isa = PBXFileReference; lastKnownFileType = sourcecode.swift; path = ActiveSectionView.swift; sourceTree = "<group>"; };

		/* Views - Settings */
		B1000051 /* SettingsView.swift */ = {isa = PBXFileReference; lastKnownFileType = sourcecode.swift; path = SettingsView.swift; sourceTree = "<group>"; };
		B1000052 /* AccountsSettingsView.swift */ = {isa = PBXFileReference; lastKnownFileType = sourcecode.swift; path = AccountsSettingsView.swift; sourceTree = "<group>"; };
		B1000053 /* NotificationsSettingsView.swift */ = {isa = PBXFileReference; lastKnownFileType = sourcecode.swift; path = NotificationsSettingsView.swift; sourceTree = "<group>"; };
		B1000054 /* GeneralSettingsView.swift */ = {isa = PBXFileReference; lastKnownFileType = sourcecode.swift; path = GeneralSettingsView.swift; sourceTree = "<group>"; };

		/* Views - Components */
		B1000061 /* StatusIndicator.swift */ = {isa = PBXFileReference; lastKnownFileType = sourcecode.swift; path = StatusIndicator.swift; sourceTree = "<group>"; };
		B1000062 /* TokenInputField.swift */ = {isa = PBXFileReference; lastKnownFileType = sourcecode.swift; path = TokenInputField.swift; sourceTree = "<group>"; };

		/* Utilities */
		B1000071 /* Constants.swift */ = {isa = PBXFileReference; lastKnownFileType = sourcecode.swift; path = Constants.swift; sourceTree = "<group>"; };
		B1000072 /* DateFormatters.swift */ = {isa = PBXFileReference; lastKnownFileType = sourcecode.swift; path = DateFormatters.swift; sourceTree = "<group>"; };

		/* Resources */
		B1000081 /* Assets.xcassets */ = {isa = PBXFileReference; lastKnownFileType = folder.assetcatalog; path = Assets.xcassets; sourceTree = "<group>"; };
		B1000082 /* Info.plist */ = {isa = PBXFileReference; lastKnownFileType = text.plist.xml; path = Info.plist; sourceTree = "<group>"; };
		B1000083 /* DeployStatus.entitlements */ = {isa = PBXFileReference; lastKnownFileType = text.plist.entitlements; path = DeployStatus.entitlements; sourceTree = "<group>"; };
/* End PBXFileReference section */

/* Begin PBXFrameworksBuildPhase section */
		D1000001 /* Frameworks */ = {
			isa = PBXFrameworksBuildPhase;
			buildActionMask = 2147483647;
			files = (
			);
			runOnlyForDeploymentPostprocessing = 0;
		};
/* End PBXFrameworksBuildPhase section */

/* Begin PBXGroup section */
		E1000001 /* Root */ = {
			isa = PBXGroup;
			children = (
				E1000002 /* DeployStatus */,
				E1000099 /* Products */,
			);
			sourceTree = "<group>";
		};
		E1000099 /* Products */ = {
			isa = PBXGroup;
			children = (
				C1000001 /* DeployStatus.app */,
			);
			name = Products;
			sourceTree = "<group>";
		};
		E1000002 /* DeployStatus */ = {
			isa = PBXGroup;
			children = (
				E1000010 /* App */,
				E1000020 /* Models */,
				E1000030 /* Services */,
				E1000040 /* Store */,
				E1000050 /* Views */,
				E1000080 /* Utilities */,
				E1000090 /* Resources */,
				B1000083 /* DeployStatus.entitlements */,
			);
			path = DeployStatus;
			sourceTree = "<group>";
		};
		E1000010 /* App */ = {
			isa = PBXGroup;
			children = (
				B1000001 /* ShipshapeApp.swift */,
			);
			path = App;
			sourceTree = "<group>";
		};
		E1000020 /* Models */ = {
			isa = PBXGroup;
			children = (
				B1000011 /* Service.swift */,
				B1000012 /* Account.swift */,
				B1000013 /* Project.swift */,
				B1000014 /* Deployment.swift */,
			);
			path = Models;
			sourceTree = "<group>";
		};
		E1000030 /* Services */ = {
			isa = PBXGroup;
			children = (
				E1000031 /* API */,
				B1000024 /* PollingManager.swift */,
				B1000025 /* NotificationManager.swift */,
				B1000026 /* KeychainHelper.swift */,
			);
			path = Services;
			sourceTree = "<group>";
		};
		E1000031 /* API */ = {
			isa = PBXGroup;
			children = (
				B1000021 /* VercelService.swift */,
				B1000022 /* NetlifyService.swift */,
				B1000023 /* APIError.swift */,
			);
			path = API;
			sourceTree = "<group>";
		};
		E1000040 /* Store */ = {
			isa = PBXGroup;
			children = (
				B1000031 /* DeploymentStore.swift */,
			);
			path = Store;
			sourceTree = "<group>";
		};
		E1000050 /* Views */ = {
			isa = PBXGroup;
			children = (
				E1000060 /* Menu */,
				E1000070 /* Settings */,
				E1000075 /* Components */,
			);
			path = Views;
			sourceTree = "<group>";
		};
		E1000060 /* Menu */ = {
			isa = PBXGroup;
			children = (
				B1000041 /* MenuContentView.swift */,
				B1000045 /* ActiveSectionView.swift */,
				B1000042 /* ServiceSectionView.swift */,
				B1000043 /* ProjectRowView.swift */,
				B1000044 /* DeploymentRowView.swift */,
			);
			path = Menu;
			sourceTree = "<group>";
		};
		E1000070 /* Settings */ = {
			isa = PBXGroup;
			children = (
				B1000051 /* SettingsView.swift */,
				B1000052 /* AccountsSettingsView.swift */,
				B1000053 /* NotificationsSettingsView.swift */,
				B1000054 /* GeneralSettingsView.swift */,
			);
			path = Settings;
			sourceTree = "<group>";
		};
		E1000075 /* Components */ = {
			isa = PBXGroup;
			children = (
				B1000061 /* StatusIndicator.swift */,
				B1000062 /* TokenInputField.swift */,
			);
			path = Components;
			sourceTree = "<group>";
		};
		E1000080 /* Utilities */ = {
			isa = PBXGroup;
			children = (
				B1000071 /* Constants.swift */,
				B1000072 /* DateFormatters.swift */,
			);
			path = Utilities;
			sourceTree = "<group>";
		};
		E1000090 /* Resources */ = {
			isa = PBXGroup;
			children = (
				B1000081 /* Assets.xcassets */,
				B1000082 /* Info.plist */,
			);
			path = Resources;
			sourceTree = "<group>";
		};
/* End PBXGroup section */

/* Begin PBXNativeTarget section */
		F1000001 /* DeployStatus */ = {
			isa = PBXNativeTarget;
			buildConfigurationList = G1000001 /* Build configuration list for PBXNativeTarget "DeployStatus" */;
			buildPhases = (
				F1000002 /* Sources */,
				D1000001 /* Frameworks */,
				F1000003 /* Resources */,
			);
			buildRules = (
			);
			dependencies = (
			);
			name = DeployStatus;
			productName = DeployStatus;
			productReference = C1000001 /* DeployStatus.app */;
			productType = "com.apple.product-type.application";
		};
/* End PBXNativeTarget section */

/* Begin PBXProject section */
		H1000001 /* Project object */ = {
			isa = PBXProject;
			attributes = {
				BuildIndependentTargetsInParallel = 1;
				LastSwiftUpdateCheck = 1500;
				LastUpgradeCheck = 1500;
				TargetAttributes = {
					F1000001 = {
						CreatedOnToolsVersion = 15.0;
					};
				};
			};
			buildConfigurationList = G1000002 /* Build configuration list for PBXProject "DeployStatus" */;
			compatibilityVersion = "Xcode 14.0";
			developmentRegion = en;
			hasScannedForEncodings = 0;
			knownRegions = (
				en,
				Base,
			);
			mainGroup = E1000001 /* Root */;
			productRefGroup = E1000099 /* Products */;
			projectDirPath = "";
			projectRoot = "";
			targets = (
				F1000001 /* DeployStatus */,
			);
		};
/* End PBXProject section */

/* Begin PBXResourcesBuildPhase section */
		F1000003 /* Resources */ = {
			isa = PBXResourcesBuildPhase;
			buildActionMask = 2147483647;
			files = (
				A1000081 /* Assets.xcassets in Resources */,
			);
			runOnlyForDeploymentPostprocessing = 0;
		};
/* End PBXResourcesBuildPhase section */

/* Begin PBXSourcesBuildPhase section */
		F1000002 /* Sources */ = {
			isa = PBXSourcesBuildPhase;
			buildActionMask = 2147483647;
			files = (
				A1000001 /* ShipshapeApp.swift in Sources */,
				A1000011 /* Service.swift in Sources */,
				A1000012 /* Account.swift in Sources */,
				A1000013 /* Project.swift in Sources */,
				A1000014 /* Deployment.swift in Sources */,
				A1000021 /* VercelService.swift in Sources */,
				A1000022 /* NetlifyService.swift in Sources */,
				A1000023 /* APIError.swift in Sources */,
				A1000024 /* PollingManager.swift in Sources */,
				A1000025 /* NotificationManager.swift in Sources */,
				A1000026 /* KeychainHelper.swift in Sources */,
				A1000031 /* DeploymentStore.swift in Sources */,
				A1000041 /* MenuContentView.swift in Sources */,
				A1000045 /* ActiveSectionView.swift in Sources */,
				A1000042 /* ServiceSectionView.swift in Sources */,
				A1000043 /* ProjectRowView.swift in Sources */,
				A1000044 /* DeploymentRowView.swift in Sources */,
				A1000051 /* SettingsView.swift in Sources */,
				A1000052 /* AccountsSettingsView.swift in Sources */,
				A1000053 /* NotificationsSettingsView.swift in Sources */,
				A1000054 /* GeneralSettingsView.swift in Sources */,
				A1000061 /* StatusIndicator.swift in Sources */,
				A1000062 /* TokenInputField.swift in Sources */,
				A1000071 /* Constants.swift in Sources */,
				A1000072 /* DateFormatters.swift in Sources */,
			);
			runOnlyForDeploymentPostprocessing = 0;
		};
/* End PBXSourcesBuildPhase section */

/* Begin XCBuildConfiguration section */
		I1000001 /* Debug */ = {
			isa = XCBuildConfiguration;
			buildSettings = {
				ALWAYS_SEARCH_USER_PATHS = NO;
				ASSETCATALOG_COMPILER_GENERATE_SWIFT_ASSET_SYMBOL_EXTENSIONS = YES;
				CLANG_ANALYZER_NONNULL = YES;
				CLANG_ANALYZER_NUMBER_OBJECT_CONVERSION = YES_AGGRESSIVE;
				CLANG_CXX_LANGUAGE_STANDARD = "gnu++20";
				CLANG_ENABLE_MODULES = YES;
				CLANG_ENABLE_OBJC_ARC = YES;
				CLANG_ENABLE_OBJC_WEAK = YES;
				CLANG_WARN_BLOCK_CAPTURE_AUTORELEASING = YES;
				CLANG_WARN_BOOL_CONVERSION = YES;
				CLANG_WARN_COMMA = YES;
				CLANG_WARN_CONSTANT_CONVERSION = YES;
				CLANG_WARN_DEPRECATED_OBJC_IMPLEMENTATIONS = YES;
				CLANG_WARN_DIRECT_OBJC_ISA_USAGE = YES_ERROR;
				CLANG_WARN_DOCUMENTATION_COMMENTS = YES;
				CLANG_WARN_EMPTY_BODY = YES;
				CLANG_WARN_ENUM_CONVERSION = YES;
				CLANG_WARN_INFINITE_RECURSION = YES;
				CLANG_WARN_INT_CONVERSION = YES;
				CLANG_WARN_NON_LITERAL_NULL_CONVERSION = YES;
				CLANG_WARN_OBJC_IMPLICIT_RETAIN_SELF = YES;
				CLANG_WARN_OBJC_LITERAL_CONVERSION = YES;
				CLANG_WARN_OBJC_ROOT_CLASS = YES_ERROR;
				CLANG_WARN_QUOTED_INCLUDE_IN_FRAMEWORK_HEADER = YES;
				CLANG_WARN_RANGE_LOOP_ANALYSIS = YES;
				CLANG_WARN_STRICT_PROTOTYPES = YES;
				CLANG_WARN_SUSPICIOUS_MOVE = YES;
				CLANG_WARN_UNGUARDED_AVAILABILITY = YES_AGGRESSIVE;
				CLANG_WARN_UNREACHABLE_CODE = YES;
				CLANG_WARN__DUPLICATE_METHOD_MATCH = YES;
				COPY_PHASE_STRIP = NO;
				DEBUG_INFORMATION_FORMAT = dwarf;
				ENABLE_STRICT_OBJC_MSGSEND = YES;
				ENABLE_TESTABILITY = YES;
				ENABLE_USER_SCRIPT_SANDBOXING = YES;
				GCC_C_LANGUAGE_STANDARD = gnu17;
				GCC_DYNAMIC_NO_PIC = NO;
				GCC_NO_COMMON_BLOCKS = YES;
				GCC_OPTIMIZATION_LEVEL = 0;
				GCC_PREPROCESSOR_DEFINITIONS = (
					"DEBUG=1",
					"$(inherited)",
				);
				GCC_WARN_64_TO_32_BIT_CONVERSION = YES;
				GCC_WARN_ABOUT_RETURN_TYPE = YES_ERROR;
				GCC_WARN_UNDECLARED_SELECTOR = YES;
				GCC_WARN_UNINITIALIZED_AUTOS = YES_AGGRESSIVE;
				GCC_WARN_UNUSED_FUNCTION = YES;
				GCC_WARN_UNUSED_VARIABLE = YES;
				LOCALIZATION_PREFERS_STRING_CATALOGS = YES;
				MACOSX_DEPLOYMENT_TARGET = 14.0;
				MTL_ENABLE_DEBUG_INFO = INCLUDE_SOURCE;
				MTL_FAST_MATH = YES;
				ONLY_ACTIVE_ARCH = YES;
				SDKROOT = macosx;
				SWIFT_ACTIVE_COMPILATION_CONDITIONS = "DEBUG $(inherited)";
				SWIFT_OPTIMIZATION_LEVEL = "-Onone";
			};
			name = Debug;
		};
		I1000002 /* Release */ = {
			isa = XCBuildConfiguration;
			buildSettings = {
				ALWAYS_SEARCH_USER_PATHS = NO;
				ASSETCATALOG_COMPILER_GENERATE_SWIFT_ASSET_SYMBOL_EXTENSIONS = YES;
				CLANG_ANALYZER_NONNULL = YES;
				CLANG_ANALYZER_NUMBER_OBJECT_CONVERSION = YES_AGGRESSIVE;
				CLANG_CXX_LANGUAGE_STANDARD = "gnu++20";
				CLANG_ENABLE_MODULES = YES;
				CLANG_ENABLE_OBJC_ARC = YES;
				CLANG_ENABLE_OBJC_WEAK = YES;
				CLANG_WARN_BLOCK_CAPTURE_AUTORELEASING = YES;
				CLANG_WARN_BOOL_CONVERSION = YES;
				CLANG_WARN_COMMA = YES;
				CLANG_WARN_CONSTANT_CONVERSION = YES;
				CLANG_WARN_DEPRECATED_OBJC_IMPLEMENTATIONS = YES;
				CLANG_WARN_DIRECT_OBJC_ISA_USAGE = YES_ERROR;
				CLANG_WARN_DOCUMENTATION_COMMENTS = YES;
				CLANG_WARN_EMPTY_BODY = YES;
				CLANG_WARN_ENUM_CONVERSION = YES;
				CLANG_WARN_INFINITE_RECURSION = YES;
				CLANG_WARN_INT_CONVERSION = YES;
				CLANG_WARN_NON_LITERAL_NULL_CONVERSION = YES;
				CLANG_WARN_OBJC_IMPLICIT_RETAIN_SELF = YES;
				CLANG_WARN_OBJC_LITERAL_CONVERSION = YES;
				CLANG_WARN_OBJC_ROOT_CLASS = YES_ERROR;
				CLANG_WARN_QUOTED_INCLUDE_IN_FRAMEWORK_HEADER = YES;
				CLANG_WARN_RANGE_LOOP_ANALYSIS = YES;
				CLANG_WARN_STRICT_PROTOTYPES = YES;
				CLANG_WARN_SUSPICIOUS_MOVE = YES;
				CLANG_WARN_UNGUARDED_AVAILABILITY = YES_AGGRESSIVE;
				CLANG_WARN_UNREACHABLE_CODE = YES;
				CLANG_WARN__DUPLICATE_METHOD_MATCH = YES;
				COPY_PHASE_STRIP = NO;
				DEBUG_INFORMATION_FORMAT = "dwarf-with-dsym";
				ENABLE_NS_ASSERTIONS = NO;
				ENABLE_STRICT_OBJC_MSGSEND = YES;
				ENABLE_USER_SCRIPT_SANDBOXING = YES;
				GCC_C_LANGUAGE_STANDARD = gnu17;
				GCC_NO_COMMON_BLOCKS = YES;
				GCC_WARN_64_TO_32_BIT_CONVERSION = YES;
				GCC_WARN_ABOUT_RETURN_TYPE = YES_ERROR;
				GCC_WARN_UNDECLARED_SELECTOR = YES;
				GCC_WARN_UNINITIALIZED_AUTOS = YES_AGGRESSIVE;
				GCC_WARN_UNUSED_FUNCTION = YES;
				GCC_WARN_UNUSED_VARIABLE = YES;
				LOCALIZATION_PREFERS_STRING_CATALOGS = YES;
				MACOSX_DEPLOYMENT_TARGET = 14.0;
				MTL_ENABLE_DEBUG_INFO = NO;
				MTL_FAST_MATH = YES;
				SDKROOT = macosx;
				SWIFT_COMPILATION_MODE = wholemodule;
			};
			name = Release;
		};
		I1000003 /* Debug */ = {
			isa = XCBuildConfiguration;
			buildSettings = {
				ASSETCATALOG_COMPILER_APPICON_NAME = AppIcon;
				ASSETCATALOG_COMPILER_GLOBAL_ACCENT_COLOR_NAME = AccentColor;
				CODE_SIGN_ENTITLEMENTS = DeployStatus/DeployStatus.entitlements;
				CODE_SIGN_STYLE = Automatic;
				COMBINE_HIDPI_IMAGES = YES;
				CURRENT_PROJECT_VERSION = 1;
				DEVELOPMENT_TEAM = NDDZ5C4VGA;
				ENABLE_HARDENED_RUNTIME = YES;
				GENERATE_INFOPLIST_FILE = YES;
				INFOPLIST_FILE = DeployStatus/Resources/Info.plist;
				INFOPLIST_KEY_CFBundleDisplayName = DeployStatus;
				INFOPLIST_KEY_LSApplicationCategoryType = "public.app-category.developer-tools";
				INFOPLIST_KEY_LSUIElement = YES;
				INFOPLIST_KEY_NSHumanReadableCopyright = "Copyright © 2025. All rights reserved.";
				LD_RUNPATH_SEARCH_PATHS = (
					"$(inherited)",
					"@executable_path/../Frameworks",
				);
				MARKETING_VERSION = 1.0.0;
				PRODUCT_BUNDLE_IDENTIFIER = com.deploystatus.app;
				PRODUCT_NAME = "$(TARGET_NAME)";
				SWIFT_EMIT_LOC_STRINGS = YES;
				SWIFT_STRICT_CONCURRENCY = complete;
				SWIFT_VERSION = 5.0;
			};
			name = Debug;
		};
		I1000004 /* Release */ = {
			isa = XCBuildConfiguration;
			buildSettings = {
				ASSETCATALOG_COMPILER_APPICON_NAME = AppIcon;
				ASSETCATALOG_COMPILER_GLOBAL_ACCENT_COLOR_NAME = AccentColor;
				CODE_SIGN_ENTITLEMENTS = DeployStatus/DeployStatus.entitlements;
				CODE_SIGN_STYLE = Automatic;
				COMBINE_HIDPI_IMAGES = YES;
				CURRENT_PROJECT_VERSION = 1;
				DEVELOPMENT_TEAM = NDDZ5C4VGA;
				ENABLE_HARDENED_RUNTIME = YES;
				GENERATE_INFOPLIST_FILE = YES;
				INFOPLIST_FILE = DeployStatus/Resources/Info.plist;
				INFOPLIST_KEY_CFBundleDisplayName = DeployStatus;
				INFOPLIST_KEY_LSApplicationCategoryType = "public.app-category.developer-tools";
				INFOPLIST_KEY_LSUIElement = YES;
				INFOPLIST_KEY_NSHumanReadableCopyright = "Copyright © 2025. All rights reserved.";
				LD_RUNPATH_SEARCH_PATHS = (
					"$(inherited)",
					"@executable_path/../Frameworks",
				);
				MARKETING_VERSION = 1.0.0;
				PRODUCT_BUNDLE_IDENTIFIER = com.deploystatus.app;
				PRODUCT_NAME = "$(TARGET_NAME)";
				SWIFT_EMIT_LOC_STRINGS = YES;
				SWIFT_STRICT_CONCURRENCY = complete;
				SWIFT_VERSION = 5.0;
			};
			name = Release;
		};
/* End XCBuildConfiguration section */

/* Begin XCConfigurationList section */
		G1000001 /* Build configuration list for PBXNativeTarget "DeployStatus" */ = {
			isa = XCConfigurationList;
			buildConfigurations = (
				I1000003 /* Debug */,
				I1000004 /* Release */,
			);
			defaultConfigurationIsVisible = 0;
			defaultConfigurationName = Release;
		};
		G1000002 /* Build configuration list for PBXProject "DeployStatus" */ = {
			isa = XCConfigurationList;
			buildConfigurations = (
				I1000001 /* Debug */,
				I1000002 /* Release */,
			);
			defaultConfigurationIsVisible = 0;
			defaultConfigurationName = Release;
		};
/* End XCConfigurationList section */

	};
	rootObject = H1000001 /* Project object */;
}
